
Microsoft Visual Studio Solution File, Format Version 12.00
# Visual Studio Version 17
VisualStudioVersion = 17.8.34330.188
MinimumVisualStudioVersion = 10.0.40219.1
Project("{FAE04EC0-301F-11D3-BF4B-00C04F79EFBC}") = "lab2", "lab2.csproj", "{1AAA9F1C-59EB-4C66-8F51-21CD75084669}"
EndProject
Global
	GlobalSection(SolutionConfigurationPlatforms) = preSolution
		Debug|Any CPU = Debug|Any CPU
		Release|Any CPU = Release|Any CPU
	EndGlobalSection
	GlobalSection(ProjectConfigurationPlatforms) = postSolution
		{1AAA9F1C-59EB-4C66-8F51-21CD75084669}.Debug|Any CPU.ActiveCfg = Debug|Any CPU
		{1AAA9F1C-59EB-4C66-8F51-21CD75084669}.Debug|Any CPU.Build.0 = Debug|Any CPU
		{1AAA9F1C-59EB-4C66-8F51-21CD75084669}.Release|Any CPU.ActiveCfg = Release|Any CPU
		{1AAA9F1C-59EB-4C66-8F51-21CD75084669}.Release|Any CPU.Build.0 = Release|Any CPU
	EndGlobalSection
	GlobalSection(SolutionProperties) = preSolution
		HideSolutionNode = FALSE
	EndGlobalSection
	GlobalSection(ExtensibilityGlobals) = postSolution
		SolutionGuid = {5E328674-C5BF-443C-A494-F109BB212C78}
	EndGlobalSection
EndGlobal
